
Microsoft Visual Studio Solution File, Format Version 12.00
# Visual Studio 15
VisualStudioVersion = 15.0.28307.271
MinimumVisualStudioVersion = 10.0.40219.1
Project("{FAE04EC0-301F-11D3-BF4B-00C04F79EFBC}") = "UnizenBot", "UnizenBot\UnizenBot.csproj", "{A118338D-6E90-4D24-B4B4-A52C203A45E2}"
EndProject
Global
	GlobalSection(SolutionConfigurationPlatforms) = preSolution
		Debug|Any CPU = Debug|Any CPU
		Release|Any CPU = Release|Any CPU
	EndGlobalSection
	GlobalSection(ProjectConfigurationPlatforms) = postSolution
		{A118338D-6E90-4D24-B4B4-A52C203A45E2}.Debug|Any CPU.ActiveCfg = Debug|Any CPU
		{A118338D-6E90-4D24-B4B4-A52C203A45E2}.Debug|Any CPU.Build.0 = Debug|Any CPU
		{A118338D-6E90-4D24-B4B4-A52C203A45E2}.Release|Any CPU.ActiveCfg = Release|Any CPU
		{A118338D-6E90-4D24-B4B4-A52C203A45E2}.Release|Any CPU.Build.0 = Release|Any CPU
	EndGlobalSection
	GlobalSection(SolutionProperties) = preSolution
		HideSolutionNode = FALSE
	EndGlobalSection
	GlobalSection(ExtensibilityGlobals) = postSolution
		SolutionGuid = {F30431E2-1AFC-4593-BF27-214585DC525D}
	EndGlobalSection
EndGlobal
